
Microsoft Visual Studio Solution File, Format Version 12.00
# Visual Studio Version 17
VisualStudioVersion = 17.11.35312.102
MinimumVisualStudioVersion = 10.0.40219.1
Project("{FAE04EC0-301F-11D3-BF4B-00C04F79EFBC}") = "BookingWeb.Server", "BookingWeb.Server\BookingWeb.Server.csproj", "{C5282333-7645-4753-9123-B98650717E8A}"
EndProject
Project("{54A90642-561A-4BB1-A94E-469ADEE60C69}") = "bookingweb.client", "bookingweb.client\bookingweb.client.esproj", "{05528783-81E5-4A87-BDD2-6072549109EF}"
EndProject
Global
	GlobalSection(SolutionConfigurationPlatforms) = preSolution
		Debug|Any CPU = Debug|Any CPU
		Release|Any CPU = Release|Any CPU
	EndGlobalSection
	GlobalSection(ProjectConfigurationPlatforms) = postSolution
		{C5282333-7645-4753-9123-B98650717E8A}.Debug|Any CPU.ActiveCfg = Debug|Any CPU
		{C5282333-7645-4753-9123-B98650717E8A}.Debug|Any CPU.Build.0 = Debug|Any CPU
		{C5282333-7645-4753-9123-B98650717E8A}.Release|Any CPU.ActiveCfg = Release|Any CPU
		{C5282333-7645-4753-9123-B98650717E8A}.Release|Any CPU.Build.0 = Release|Any CPU
		{05528783-81E5-4A87-BDD2-6072549109EF}.Debug|Any CPU.ActiveCfg = Debug|Any CPU
		{05528783-81E5-4A87-BDD2-6072549109EF}.Debug|Any CPU.Build.0 = Debug|Any CPU
		{05528783-81E5-4A87-BDD2-6072549109EF}.Debug|Any CPU.Deploy.0 = Debug|Any CPU
		{05528783-81E5-4A87-BDD2-6072549109EF}.Release|Any CPU.ActiveCfg = Release|Any CPU
		{05528783-81E5-4A87-BDD2-6072549109EF}.Release|Any CPU.Build.0 = Release|Any CPU
		{05528783-81E5-4A87-BDD2-6072549109EF}.Release|Any CPU.Deploy.0 = Release|Any CPU
	EndGlobalSection
	GlobalSection(SolutionProperties) = preSolution
		HideSolutionNode = FALSE
	EndGlobalSection
	GlobalSection(ExtensibilityGlobals) = postSolution
		SolutionGuid = {AD4054EB-D1B8-4AEC-A053-DCD7098C2986}
	EndGlobalSection
EndGlobal
